# GENERATED FILE - DO NOT EDIT DIRECTLY
schema_version: 1

bundle:
  version: "0.9.4-dev"
  release_sequence: 0
  channel: "development"
  source_tree_digest: "sha256:ba597010d9403127df8c67102186ef40c546a08101d1a93201d17f8108deb520"
  digest: "sha256:12020fd6433653d350bca1bc3ee3f8b6a59c0bcbdef96ed2ed8d24480cff212b"

projection:
  input_digest: "sha256:d4ec98677aa0bc5dbaf646a1e6ce650d82ba76bd1f254104a8ae12297982c275"
  output_digest: "sha256:72d291f007abbc2693f5143aac22a899e6bba9abd3c4ebedcfd39887907bb427"
  files:
    - path: ".gds/compiled-policy.json"
      digest: "sha256:f909e76f167f832b6efcbd15a115e55200b3c5be9bac1f78414a4f9254fa5e5d"
